
Microsoft Visual Studio Solution File, Format Version 12.00
Project("{2150E333-8FDC-42A3-9474-1A3956D46DE8}") = "Domain", "Domain", "{EA7C8399-BDFD-47B6-925E-993ECD98A534}"
EndProject
Project("{2150E333-8FDC-42A3-9474-1A3956D46DE8}") = "Infrastructure", "Infrastructure", "{E01920D2-E2AE-40DA-A9F7-3DF67DF10BEA}"
EndProject
Project("{FAE04EC0-301F-11D3-BF4B-00C04F79EFBC}") = "Crawler.Domain", "Crawler.Domain\Crawler.Domain.csproj", "{D8DDA3E4-765F-46F7-AC88-640F3D7500F1}"
EndProject
Project("{FAE04EC0-301F-11D3-BF4B-00C04F79EFBC}") = "Crawler.Data", "Crawler.Data\Crawler.Data.csproj", "{85BC9096-E8D4-4E91-9FF4-6DC749779046}"
EndProject
Project("{2150E333-8FDC-42A3-9474-1A3956D46DE8}") = "Presentation", "Presentation", "{DD2AD794-A388-402B-8D25-BB7877108C95}"
EndProject
Project("{FAE04EC0-301F-11D3-BF4B-00C04F79EFBC}") = "Crawler.App", "Crawler.App\Crawler.App.csproj", "{E3007ED4-439E-4220-B242-E2F7C7AE427D}"
EndProject
Project("{FAE04EC0-301F-11D3-BF4B-00C04F79EFBC}") = "Crawler.IoC", "Crawler.IoC\Crawler.IoC.csproj", "{C69CC658-7272-4202-8FF2-A50CA10ECDE4}"
EndProject
Project("{2150E333-8FDC-42A3-9474-1A3956D46DE8}") = "Application", "Application", "{8FF42899-94E2-49F3-9065-C3BA36A1A9B4}"
EndProject
Project("{FAE04EC0-301F-11D3-BF4B-00C04F79EFBC}") = "Crawler.Application", "Crawler.Application\Crawler.Application.csproj", "{59A0ACA6-A32D-49B0-9645-513B905B4441}"
EndProject
Global
	GlobalSection(SolutionConfigurationPlatforms) = preSolution
		Debug|Any CPU = Debug|Any CPU
		Release|Any CPU = Release|Any CPU
	EndGlobalSection
	GlobalSection(NestedProjects) = preSolution
		{D8DDA3E4-765F-46F7-AC88-640F3D7500F1} = {EA7C8399-BDFD-47B6-925E-993ECD98A534}
		{85BC9096-E8D4-4E91-9FF4-6DC749779046} = {E01920D2-E2AE-40DA-A9F7-3DF67DF10BEA}
		{E3007ED4-439E-4220-B242-E2F7C7AE427D} = {DD2AD794-A388-402B-8D25-BB7877108C95}
		{C69CC658-7272-4202-8FF2-A50CA10ECDE4} = {E01920D2-E2AE-40DA-A9F7-3DF67DF10BEA}
		{59A0ACA6-A32D-49B0-9645-513B905B4441} = {8FF42899-94E2-49F3-9065-C3BA36A1A9B4}
	EndGlobalSection
	GlobalSection(ProjectConfigurationPlatforms) = postSolution
		{D8DDA3E4-765F-46F7-AC88-640F3D7500F1}.Debug|Any CPU.ActiveCfg = Debug|Any CPU
		{D8DDA3E4-765F-46F7-AC88-640F3D7500F1}.Debug|Any CPU.Build.0 = Debug|Any CPU
		{D8DDA3E4-765F-46F7-AC88-640F3D7500F1}.Release|Any CPU.ActiveCfg = Release|Any CPU
		{D8DDA3E4-765F-46F7-AC88-640F3D7500F1}.Release|Any CPU.Build.0 = Release|Any CPU
		{85BC9096-E8D4-4E91-9FF4-6DC749779046}.Debug|Any CPU.ActiveCfg = Debug|Any CPU
		{85BC9096-E8D4-4E91-9FF4-6DC749779046}.Debug|Any CPU.Build.0 = Debug|Any CPU
		{85BC9096-E8D4-4E91-9FF4-6DC749779046}.Release|Any CPU.ActiveCfg = Release|Any CPU
		{85BC9096-E8D4-4E91-9FF4-6DC749779046}.Release|Any CPU.Build.0 = Release|Any CPU
		{E3007ED4-439E-4220-B242-E2F7C7AE427D}.Debug|Any CPU.ActiveCfg = Debug|Any CPU
		{E3007ED4-439E-4220-B242-E2F7C7AE427D}.Debug|Any CPU.Build.0 = Debug|Any CPU
		{E3007ED4-439E-4220-B242-E2F7C7AE427D}.Release|Any CPU.ActiveCfg = Release|Any CPU
		{E3007ED4-439E-4220-B242-E2F7C7AE427D}.Release|Any CPU.Build.0 = Release|Any CPU
		{C69CC658-7272-4202-8FF2-A50CA10ECDE4}.Debug|Any CPU.ActiveCfg = Debug|Any CPU
		{C69CC658-7272-4202-8FF2-A50CA10ECDE4}.Debug|Any CPU.Build.0 = Debug|Any CPU
		{C69CC658-7272-4202-8FF2-A50CA10ECDE4}.Release|Any CPU.ActiveCfg = Release|Any CPU
		{C69CC658-7272-4202-8FF2-A50CA10ECDE4}.Release|Any CPU.Build.0 = Release|Any CPU
		{59A0ACA6-A32D-49B0-9645-513B905B4441}.Debug|Any CPU.ActiveCfg = Debug|Any CPU
		{59A0ACA6-A32D-49B0-9645-513B905B4441}.Debug|Any CPU.Build.0 = Debug|Any CPU
		{59A0ACA6-A32D-49B0-9645-513B905B4441}.Release|Any CPU.ActiveCfg = Release|Any CPU
		{59A0ACA6-A32D-49B0-9645-513B905B4441}.Release|Any CPU.Build.0 = Release|Any CPU
	EndGlobalSection
EndGlobal
